
Microsoft Visual Studio Solution File, Format Version 12.00
# Visual Studio Version 16
VisualStudioVersion = 16.0.32228.343
MinimumVisualStudioVersion = 10.0.40219.1
Project("{FAE04EC0-301F-11D3-BF4B-00C04F79EFBC}") = "CalculatorAPI", "CalculatorAPI.csproj", "{41F57A5C-BF80-478F-BC1E-E7D8B1611C7D}"
EndProject
Global
	GlobalSection(SolutionConfigurationPlatforms) = preSolution
		Debug|Any CPU = Debug|Any CPU
		Release|Any CPU = Release|Any CPU
	EndGlobalSection
	GlobalSection(ProjectConfigurationPlatforms) = postSolution
		{41F57A5C-BF80-478F-BC1E-E7D8B1611C7D}.Debug|Any CPU.ActiveCfg = Debug|Any CPU
		{41F57A5C-BF80-478F-BC1E-E7D8B1611C7D}.Debug|Any CPU.Build.0 = Debug|Any CPU
		{41F57A5C-BF80-478F-BC1E-E7D8B1611C7D}.Release|Any CPU.ActiveCfg = Release|Any CPU
		{41F57A5C-BF80-478F-BC1E-E7D8B1611C7D}.Release|Any CPU.Build.0 = Release|Any CPU
	EndGlobalSection
	GlobalSection(SolutionProperties) = preSolution
		HideSolutionNode = FALSE
	EndGlobalSection
	GlobalSection(ExtensibilityGlobals) = postSolution
		SolutionGuid = {5F7463AE-9EF2-4C14-80EB-0C1FB50E959C}
	EndGlobalSection
EndGlobal
